PODS:
  - Flutter (1.0.0)
  - integration_test (0.0.1):
    - Flutter
  - kdproxy (0.0.1):
    - Flutter

DEPENDENCIES:
  - Flutter (from `Flutter`)
  - integration_test (from `.symlinks/plugins/integration_test/ios`)
  - kdproxy (from `.symlinks/plugins/kdproxy/ios`)

EXTERNAL SOURCES:
  Flutter:
    :path: Flutter
  integration_test:
    :path: ".symlinks/plugins/integration_test/ios"
  kdproxy:
    :path: ".symlinks/plugins/kdproxy/ios"

SPEC CHECKSUMS:
  Flutter: e0871f40cf51350855a761d2e70bf5af5b9b5de7
  integration_test: 252f60fa39af5e17c3aa9899d35d908a0721b573
  kdproxy: 75f08f2f4a7cc6950b6b50f02dc24556fe7439e0

PODFILE CHECKSUM: 819463e6a0290f5a72f145ba7cde16e8b6ef0796

COCOAPODS: 1.15.2
